
Microsoft Visual Studio Solution File, Format Version 12.00
# Visual Studio 15
VisualStudioVersion = 15.0.27703.2042
MinimumVisualStudioVersion = 10.0.40219.1
Project("{FAE04EC0-301F-11D3-BF4B-00C04F79EFBC}") = "SerializationLesson", "SerializationLesson\SerializationLesson.csproj", "{673D0C21-DBEC-4CA4-8F62-9A9522765B05}"
EndProject
Global
	GlobalSection(SolutionConfigurationPlatforms) = preSolution
		Debug|Any CPU = Debug|Any CPU
		Release|Any CPU = Release|Any CPU
	EndGlobalSection
	GlobalSection(ProjectConfigurationPlatforms) = postSolution
		{673D0C21-DBEC-4CA4-8F62-9A9522765B05}.Debug|Any CPU.ActiveCfg = Debug|Any CPU
		{673D0C21-DBEC-4CA4-8F62-9A9522765B05}.Debug|Any CPU.Build.0 = Debug|Any CPU
		{673D0C21-DBEC-4CA4-8F62-9A9522765B05}.Release|Any CPU.ActiveCfg = Release|Any CPU
		{673D0C21-DBEC-4CA4-8F62-9A9522765B05}.Release|Any CPU.Build.0 = Release|Any CPU
	EndGlobalSection
	GlobalSection(SolutionProperties) = preSolution
		HideSolutionNode = FALSE
	EndGlobalSection
	GlobalSection(ExtensibilityGlobals) = postSolution
		SolutionGuid = {59010F3B-EF8D-477D-A216-B942A9BC5CB9}
	EndGlobalSection
EndGlobal
